// !$*UTF8*$!
{
	archiveVersion = 1;
	classes = {
	};
	objectVersion = 48;
	objects = {

/* Begin PBXBuildFile section */
		7EEA60A91FA4E9B900219F6C /* AppDelegate.swift in Sources */ = {isa = PBXBuildFile; fileRef = 7EEA60A81FA4E9B900219F6C /* AppDelegate.swift */; };
		7EEA60AB1FA4E9B900219F6C /* ViewController.swift in Sources */ = {isa = PBXBuildFile; fileRef = 7EEA60AA1FA4E9B900219F6C /* ViewController.swift */; };
		7EEA60AE1FA4E9B900219F6C /* Main.storyboard in Resources */ = {isa = PBXBuildFile; fileRef = 7EEA60AC1FA4E9B900219F6C /* Main.storyboard */; };
		7EEA60B01FA4E9B900219F6C /* Assets.xcassets in Resources */ = {isa = PBXBuildFile; fileRef = 7EEA60AF1FA4E9B900219F6C /* Assets.xcassets */; };
		7EEA60B31FA4E9B900219F6C /* LaunchScreen.storyboard in Resources */ = {isa = PBXBuildFile; fileRef = 7EEA60B11FA4E9B900219F6C /* LaunchScreen.storyboard */; };
/* End PBXBuildFile section */

/* Begin PBXFileReference section */
		7EEA60A51FA4E9B900219F6C /* Alcool ou Gasolina.app */ = {isa = PBXFileReference; explicitFileType = wrapper.application; includeInIndex = 0; path = "Alcool ou Gasolina.app"; sourceTree = BUILT_PRODUCTS_DIR; };
		7EEA60A81FA4E9B900219F6C /* AppDelegate.swift */ = {isa = PBXFileReference; lastKnownFileType = sourcecode.swift; path = AppDelegate.swift; sourceTree = "<group>"; };
		7EEA60AA1FA4E9B900219F6C /* ViewController.swift */ = {isa = PBXFileReference; lastKnownFileType = sourcecode.swift; path = ViewController.swift; sourceTree = "<group>"; };
		7EEA60AD1FA4E9B900219F6C /* Base */ = {isa = PBXFileReference; lastKnownFileType = file.storyboard; name = Base; path = Base.lproj/Main.storyboard; sourceTree = "<group>"; };
		7EEA60AF1FA4E9B900219F6C /* Assets.xcassets */ = {isa = PBXFileReference; lastKnownFileType = folder.assetcatalog; path = Assets.xcassets; sourceTree = "<group>"; };
		7EEA60B21FA4E9B900219F6C /* Base */ = {isa = PBXFileReference; lastKnownFileType = file.storyboard; name = Base; path = Base.lproj/LaunchScreen.storyboard; sourceTree = "<group>"; };
		7EEA60B41FA4E9B900219F6C /* Info.plist */ = {isa = PBXFileReference; lastKnownFileType = text.plist.xml; path = Info.plist; sourceTree = "<group>"; };
/* End PBXFileReference section */

/* Begin PBXFrameworksBuildPhase section */
		7EEA60A21FA4E9B900219F6C /* Frameworks */ = {
			isa = PBXFrameworksBuildPhase;
			buildActionMask = 2147483647;
			files = (
			);
			runOnlyForDeploymentPostprocessing = 0;
		};
/* End PBXFrameworksBuildPhase section */

/* Begin PBXGroup section */
		7EEA609C1FA4E9B900219F6C = {
			isa = PBXGroup;
			children = (
				7EEA60A71FA4E9B900219F6C /* Alcool ou Gasolina */,
				7EEA60A61FA4E9B900219F6C /* Products */,
			);
			sourceTree = "<group>";
		};
		7EEA60A61FA4E9B900219F6C /* Products */ = {
			isa = PBXGroup;
			children = (
				7EEA60A51FA4E9B900219F6C /* Alcool ou Gasolina.app */,
			);
			name = Products;
			sourceTree = "<group>";
		};
		7EEA60A71FA4E9B900219F6C /* Alcool ou Gasolina */ = {
			isa = PBXGroup;
			children = (
				7EEA60A81FA4E9B900219F6C /* AppDelegate.swift */,
				7EEA60AA1FA4E9B900219F6C /* ViewController.swift */,
				7EEA60AC1FA4E9B900219F6C /* Main.storyboard */,
				7EEA60AF1FA4E9B900219F6C /* Assets.xcassets */,
				7EEA60B11FA4E9B900219F6C /* LaunchScreen.storyboard */,
				7EEA60B41FA4E9B900219F6C /* Info.plist */,
			);
			path = "Alcool ou Gasolina";
			sourceTree = "<group>";
		};
/* End PBXGroup section */

/* Begin PBXNativeTarget section */
		7EEA60A41FA4E9B900219F6C /* Alcool ou Gasolina */ = {
			isa = PBXNativeTarget;
			buildConfigurationList = 7EEA60B71FA4E9B900219F6C /* Build configuration list for PBXNativeTarget "Alcool ou Gasolina" */;
			buildPhases = (
				7EEA60A11FA4E9B900219F6C /* Sources */,
				7EEA60A21FA4E9B900219F6C /* Frameworks */,
				7EEA60A31FA4E9B900219F6C /* Resources */,
			);
			buildRules = (
			);
			dependencies = (
			);
			name = "Alcool ou Gasolina";
			productName = "Alcool ou Gasolina";
			productReference = 7EEA60A51FA4E9B900219F6C /* Alcool ou Gasolina.app */;
			productType = "com.apple.product-type.application";
		};
/* End PBXNativeTarget section */

/* Begin PBXProject section */
		7EEA609D1FA4E9B900219F6C /* Project object */ = {
			isa = PBXProject;
			attributes = {
				LastSwiftUpdateCheck = 0900;
				LastUpgradeCheck = 0900;
				ORGANIZATIONNAME = Luis;
				TargetAttributes = {
					7EEA60A41FA4E9B900219F6C = {
						CreatedOnToolsVersion = 9.0.1;
						ProvisioningStyle = Automatic;
					};
				};
			};
			buildConfigurationList = 7EEA60A01FA4E9B900219F6C /* Build configuration list for PBXProject "Alcool ou Gasolina" */;
			compatibilityVersion = "Xcode 8.0";
			developmentRegion = en;
			hasScannedForEncodings = 0;
			knownRegions = (
				en,
				Base,
			);
			mainGroup = 7EEA609C1FA4E9B900219F6C;
			productRefGroup = 7EEA60A61FA4E9B900219F6C /* Products */;
			projectDirPath = "";
			projectRoot = "";
			targets = (
				7EEA60A41FA4E9B900219F6C /* Alcool ou Gasolina */,
			);
		};
/* End PBXProject section */

/* Begin PBXResourcesBuildPhase section */
		7EEA60A31FA4E9B900219F6C /* Resources */ = {
			isa = PBXResourcesBuildPhase;
			buildActionMask = 2147483647;
			files = (
				7EEA60B31FA4E9B900219F6C /* LaunchScreen.storyboard in Resources */,
				7EEA60B01FA4E9B900219F6C /* Assets.xcassets in Resources */,
				7EEA60AE1FA4E9B900219F6C /* Main.storyboard in Resources */,
			);
			runOnlyForDeploymentPostprocessing = 0;
		};
/* End PBXResourcesBuildPhase section */

/* Begin PBXSourcesBuildPhase section */
		7EEA60A11FA4E9B900219F6C /* Sources */ = {
			isa = PBXSourcesBuildPhase;
			buildActionMask = 2147483647;
			files = (
				7EEA60AB1FA4E9B900219F6C /* ViewController.swift in Sources */,
				7EEA60A91FA4E9B900219F6C /* AppDelegate.swift in Sources */,
			);
			runOnlyForDeploymentPostprocessing = 0;
		};
/* End PBXSourcesBuildPhase section */

/* Begin PBXVariantGroup section */
		7EEA60AC1FA4E9B900219F6C /* Main.storyboard */ = {
			isa = PBXVariantGroup;
			children = (
				7EEA60AD1FA4E9B900219F6C /* Base */,
			);
			name = Main.storyboard;
			sourceTree = "<group>";
		};
		7EEA60B11FA4E9B900219F6C /* LaunchScreen.storyboard */ = {
			isa = PBXVariantGroup;
			children = (
				7EEA60B21FA4E9B900219F6C /* Base */,
			);
			name = LaunchScreen.storyboard;
			sourceTree = "<group>";
		};
/* End PBXVariantGroup section */

/* Begin XCBuildConfiguration section */
		7EEA60B51FA4E9B900219F6C /* Debug */ = {
			isa = XCBuildConfiguration;
			buildSettings = {
				ALWAYS_SEARCH_USER_PATHS = NO;
				CLANG_ANALYZER_NONNULL = YES;
				CLANG_ANALYZER_NUMBER_OBJECT_CONVERSION = YES_AGGRESSIVE;
				CLANG_CXX_LANGUAGE_STANDARD = "gnu++14";
				CLANG_CXX_LIBRARY = "libc++";
				CLANG_ENABLE_MODULES = YES;
				CLANG_ENABLE_OBJC_ARC = YES;
				CLANG_WARN_BLOCK_CAPTURE_AUTORELEASING = YES;
				CLANG_WARN_BOOL_CONVERSION = YES;
				CLANG_WARN_COMMA = YES;
				CLANG_WARN_CONSTANT_CONVERSION = YES;
				CLANG_WARN_DIRECT_OBJC_ISA_USAGE = YES_ERROR;
				CLANG_WARN_DOCUMENTATION_COMMENTS = YES;
				CLANG_WARN_EMPTY_BODY = YES;
				CLANG_WARN_ENUM_CONVERSION = YES;
				CLANG_WARN_INFINITE_RECURSION = YES;
				CLANG_WARN_INT_CONVERSION = YES;
				CLANG_WARN_NON_LITERAL_NULL_CONVERSION = YES;
				CLANG_WARN_OBJC_LITERAL_CONVERSION = YES;
				CLANG_WARN_OBJC_ROOT_CLASS = YES_ERROR;
				CLANG_WARN_RANGE_LOOP_ANALYSIS = YES;
				CLANG_WARN_STRICT_PROTOTYPES = YES;
				CLANG_WARN_SUSPICIOUS_MOVE = YES;
				CLANG_WARN_UNGUARDED_AVAILABILITY = YES_AGGRESSIVE;
				CLANG_WARN_UNREACHABLE_CODE = YES;
				CLANG_WARN__DUPLICATE_METHOD_MATCH = YES;
				CODE_SIGN_IDENTITY = "iPhone Developer";
				COPY_PHASE_STRIP = NO;
				DEBUG_INFORMATION_FORMAT = dwarf;
				ENABLE_STRICT_OBJC_MSGSEND = YES;
				ENABLE_TESTABILITY = YES;
				GCC_C_LANGUAGE_STANDARD = gnu11;
				GCC_DYNAMIC_NO_PIC = NO;
				GCC_NO_COMMON_BLOCKS = YES;
				GCC_OPTIMIZATION_LEVEL = 0;
				GCC_PREPROCESSOR_DEFINITIONS = (
					"DEBUG=1",
					"$(inherited)",
				);
				GCC_WARN_64_TO_32_BIT_CONVERSION = YES;
				GCC_WARN_ABOUT_RETURN_TYPE = YES_ERROR;
				GCC_WARN_UNDECLARED_SELECTOR = YES;
				GCC_WARN_UNINITIALIZED_AUTOS = YES_AGGRESSIVE;
				GCC_WARN_UNUSED_FUNCTION = YES;
				GCC_WARN_UNUSED_VARIABLE = YES;
				IPHONEOS_DEPLOYMENT_TARGET = 11.0;
				MTL_ENABLE_DEBUG_INFO = YES;
				ONLY_ACTIVE_ARCH = YES;
				SDKROOT = iphoneos;
				SWIFT_ACTIVE_COMPILATION_CONDITIONS = DEBUG;
				SWIFT_OPTIMIZATION_LEVEL = "-Onone";
			};
			name = Debug;
		};
		7EEA60B61FA4E9B900219F6C /* Release */ = {
			isa = XCBuildConfiguration;
			buildSettings = {
				ALWAYS_SEARCH_USER_PATHS = NO;
				CLANG_ANALYZER_NONNULL = YES;
				CLANG_ANALYZER_NUMBER_OBJECT_CONVERSION = YES_AGGRESSIVE;
				CLANG_CXX_LANGUAGE_STANDARD = "gnu++14";
				CLANG_CXX_LIBRARY = "libc++";
				CLANG_ENABLE_MODULES = YES;
				CLANG_ENABLE_OBJC_ARC = YES;
				CLANG_WARN_BLOCK_CAPTURE_AUTORELEASING = YES;
				CLANG_WARN_BOOL_CONVERSION = YES;
				CLANG_WARN_COMMA = YES;
				CLANG_WARN_CONSTANT_CONVERSION = YES;
				CLANG_WARN_DIRECT_OBJC_ISA_USAGE = YES_ERROR;
				CLANG_WARN_DOCUMENTATION_COMMENTS = YES;
				CLANG_WARN_EMPTY_BODY = YES;
				CLANG_WARN_ENUM_CONVERSION = YES;
				CLANG_WARN_INFINITE_RECURSION = YES;
				CLANG_WARN_INT_CONVERSION = YES;
				CLANG_WARN_NON_LITERAL_NULL_CONVERSION = YES;
				CLANG_WARN_OBJC_LITERAL_CONVERSION = YES;
				CLANG_WARN_OBJC_ROOT_CLASS = YES_ERROR;
				CLANG_WARN_RANGE_LOOP_ANALYSIS = YES;
				CLANG_WARN_STRICT_PROTOTYPES = YES;
				CLANG_WARN_SUSPICIOUS_MOVE = YES;
				CLANG_WARN_UNGUARDED_AVAILABILITY = YES_AGGRESSIVE;
				CLANG_WARN_UNREACHABLE_CODE = YES;
				CLANG_WARN__DUPLICATE_METHOD_MATCH = YES;
				CODE_SIGN_IDENTITY = "iPhone Developer";
				COPY_PHASE_STRIP = NO;
				DEBUG_INFORMATION_FORMAT = "dwarf-with-dsym";
				ENABLE_NS_ASSERTIONS = NO;
				ENABLE_STRICT_OBJC_MSGSEND = YES;
				GCC_C_LANGUAGE_STANDARD = gnu11;
				GCC_NO_COMMON_BLOCKS = YES;
				GCC_WARN_64_TO_32_BIT_CONVERSION = YES;
				GCC_WARN_ABOUT_RETURN_TYPE = YES_ERROR;
				GCC_WARN_UNDECLARED_SELECTOR = YES;
				GCC_WARN_UNINITIALIZED_AUTOS = YES_AGGRESSIVE;
				GCC_WARN_UNUSED_FUNCTION = YES;
				GCC_WARN_UNUSED_VARIABLE = YES;
				IPHONEOS_DEPLOYMENT_TARGET = 11.0;
				MTL_ENABLE_DEBUG_INFO = NO;
				SDKROOT = iphoneos;
				SWIFT_OPTIMIZATION_LEVEL = "-Owholemodule";
				VALIDATE_PRODUCT = YES;
			};
			name = Release;
		};
		7EEA60B81FA4E9B900219F6C /* Debug */ = {
			isa = XCBuildConfiguration;
			buildSettings = {
				ASSETCATALOG_COMPILER_APPICON_NAME = AppIcon;
				CODE_SIGN_STYLE = Automatic;
				DEVELOPMENT_TEAM = JAMURVK4W6;
				INFOPLIST_FILE = "Alcool ou Gasolina/Info.plist";
				LD_RUNPATH_SEARCH_PATHS = "$(inherited) @executable_path/Frameworks";
				PRODUCT_BUNDLE_IDENTIFIER = "com.inari.Alcool-ou-Gasolina";
				PRODUCT_NAME = "$(TARGET_NAME)";
				SWIFT_VERSION = 4.0;
				TARGETED_DEVICE_FAMILY = "1,2";
			};
			name = Debug;
		};
		7EEA60B91FA4E9B900219F6C /* Release */ = {
			isa = XCBuildConfiguration;
			buildSettings = {
				ASSETCATALOG_COMPILER_APPICON_NAME = AppIcon;
				CODE_SIGN_STYLE = Automatic;
				DEVELOPMENT_TEAM = JAMURVK4W6;
				INFOPLIST_FILE = "Alcool ou Gasolina/Info.plist";
				LD_RUNPATH_SEARCH_PATHS = "$(inherited) @executable_path/Frameworks";
				PRODUCT_BUNDLE_IDENTIFIER = "com.inari.Alcool-ou-Gasolina";
				PRODUCT_NAME = "$(TARGET_NAME)";
				SWIFT_VERSION = 4.0;
				TARGETED_DEVICE_FAMILY = "1,2";
			};
			name = Release;
		};
/* End XCBuildConfiguration section */

/* Begin XCConfigurationList section */
		7EEA60A01FA4E9B900219F6C /* Build configuration list for PBXProject "Alcool ou Gasolina" */ = {
			isa = XCConfigurationList;
			buildConfigurations = (
				7EEA60B51FA4E9B900219F6C /* Debug */,
				7EEA60B61FA4E9B900219F6C /* Release */,
			);
			defaultConfigurationIsVisible = 0;
			defaultConfigurationName = Release;
		};
		7EEA60B71FA4E9B900219F6C /* Build configuration list for PBXNativeTarget "Alcool ou Gasolina" */ = {
			isa = XCConfigurationList;
			buildConfigurations = (
				7EEA60B81FA4E9B900219F6C /* Debug */,
				7EEA60B91FA4E9B900219F6C /* Release */,
			);
			defaultConfigurationIsVisible = 0;
			defaultConfigurationName = Release;
		};
/* End XCConfigurationList section */
	};
	rootObject = 7EEA609D1FA4E9B900219F6C /* Project object */;
}
